
Microsoft Visual Studio Solution File, Format Version 12.00
# Visual Studio Version 16
VisualStudioVersion = 16.0.35130.168
MinimumVisualStudioVersion = 10.0.40219.1
Project("{FAE04EC0-301F-11D3-BF4B-00C04F79EFBC}") = "WinControl", "WinControl\WinControl.csproj", "{DEC21089-CFE1-4BF0-A49A-0F27C24EBC45}"
EndProject
Global
	GlobalSection(SolutionConfigurationPlatforms) = preSolution
		Debug|Any CPU = Debug|Any CPU
		Release|Any CPU = Release|Any CPU
	EndGlobalSection
	GlobalSection(ProjectConfigurationPlatforms) = postSolution
		{DEC21089-CFE1-4BF0-A49A-0F27C24EBC45}.Debug|Any CPU.ActiveCfg = Debug|Any CPU
		{DEC21089-CFE1-4BF0-A49A-0F27C24EBC45}.Debug|Any CPU.Build.0 = Debug|Any CPU
		{DEC21089-CFE1-4BF0-A49A-0F27C24EBC45}.Release|Any CPU.ActiveCfg = Release|Any CPU
		{DEC21089-CFE1-4BF0-A49A-0F27C24EBC45}.Release|Any CPU.Build.0 = Release|Any CPU
	EndGlobalSection
	GlobalSection(SolutionProperties) = preSolution
		HideSolutionNode = FALSE
	EndGlobalSection
	GlobalSection(ExtensibilityGlobals) = postSolution
		SolutionGuid = {7EC49597-7001-4A2C-97FC-499962F3E9DC}
	EndGlobalSection
EndGlobal
